{
  "name": "Algorithmic Toolbox",
  "lockfileVersion": 2,
  "requires": true,
  "packages": {
    "": {
      "devDependencies": {
        "@types/node": "^20.2.5"
      }
    },
    "node_modules/@types/node": {
      "version": "20.2.5",
      "resolved": "https://packages.atlassian.com/api/npm/npm-remote/@types/node/-/node-20.2.5.tgz",
      "integrity": "sha512-JJulVEQXmiY9Px5axXHeYGLSjhkZEnD+MDPDGbCbIAbMslkKwmygtZFy1X6s/075Yo94sf8GuSlFfPzysQrWZQ==",
      "dev": true
    }
  },
  "dependencies": {
    "@types/node": {
      "version": "20.2.5",
      "resolved": "https://packages.atlassian.com/api/npm/npm-remote/@types/node/-/node-20.2.5.tgz",
      "integrity": "sha512-JJulVEQXmiY9Px5axXHeYGLSjhkZEnD+MDPDGbCbIAbMslkKwmygtZFy1X6s/075Yo94sf8GuSlFfPzysQrWZQ==",
      "dev": true
    }
  }
}
